Microsoft Visual Studio Solution File, Format Version 12.00
# Visual Studio Version 16
VisualStudioVersion = 16.0.35731.53
MinimumVisualStudioVersion = 10.0.40219.1
Project("{8BC9CEB8-8B4A-11D0-8D11-00A0C91BC942}") = "NineChessConsole", "NineChessConsole\NineChessConsole.vcxproj", "{6F563150-4FDE-4734-8A83-C31A0B267A17}"
EndProject
Project("{8BC9CEB8-8B4A-11D0-8D11-00A0C91BC942}") = "NineChess", "NineChess\ninechess.vcxproj", "{B0143907-0EE6-3EF5-94FE-728FE9FE5D32}"
EndProject
Global
	GlobalSection(SolutionConfigurationPlatforms) = preSolution
		Debug|x64 = Debug|x64
		Release|x64 = Release|x64
	EndGlobalSection
	GlobalSection(ProjectConfigurationPlatforms) = postSolution
		{6F563150-4FDE-4734-8A83-C31A0B267A17}.Debug|x64.ActiveCfg = Debug|x64
		{6F563150-4FDE-4734-8A83-C31A0B267A17}.Debug|x64.Build.0 = Debug|x64
		{6F563150-4FDE-4734-8A83-C31A0B267A17}.Release|x64.ActiveCfg = Release|x64
		{6F563150-4FDE-4734-8A83-C31A0B267A17}.Release|x64.Build.0 = Release|x64
		{B0143907-0EE6-3EF5-94FE-728FE9FE5D32}.Debug|x64.ActiveCfg = Debug|x64
		{B0143907-0EE6-3EF5-94FE-728FE9FE5D32}.Debug|x64.Build.0 = Debug|x64
		{B0143907-0EE6-3EF5-94FE-728FE9FE5D32}.Release|x64.ActiveCfg = Release|x64
		{B0143907-0EE6-3EF5-94FE-728FE9FE5D32}.Release|x64.Build.0 = Release|x64
	EndGlobalSection
	GlobalSection(SolutionProperties) = preSolution
		HideSolutionNode = FALSE
	EndGlobalSection
	GlobalSection(ExtensibilityGlobals) = postSolution
		SolutionGuid = {91F2D536-5522-408C-A75F-24839E627B5B}
	EndGlobalSection
EndGlobal
