<?xml version="1.0" encoding="utf-8"?>
<Project xmlns="http://schemas.microsoft.com/developer/msbuild/2003">
  <ItemGroup>
    <Filter Include="Form Files">
      <UniqueIdentifier>{99349809-55BA-4b9d-BF79-8FDBB0286EB3}</UniqueIdentifier>
      <Extensions>ui</Extensions>
      <ParseFiles>false</ParseFiles>
    </Filter>
    <Filter Include="Form Files">
      <UniqueIdentifier>{99349809-55BA-4b9d-BF79-8FDBB0286EB3}</UniqueIdentifier>
      <Extensions>ui</Extensions>
      <ParseFiles>false</ParseFiles>
    </Filter>
    <Filter Include="Generated Files">
      <UniqueIdentifier>{71ED8ED8-ACB9-4CE9-BBE1-E00B30144E11}</UniqueIdentifier>
      <Extensions>cpp;c;cxx;moc;h;def;odl;idl;res;</Extensions>
    </Filter>
    <Filter Include="Generated Files">
      <UniqueIdentifier>{71ED8ED8-ACB9-4CE9-BBE1-E00B30144E11}</UniqueIdentifier>
      <Extensions>cpp;c;cxx;moc;h;def;odl;idl;res;</Extensions>
    </Filter>
    <Filter Include="Header Files">
      <UniqueIdentifier>{93995380-89BD-4b04-88EB-625FBE52EBFB}</UniqueIdentifier>
      <Extensions>h;hpp;hxx;hm;inl;inc;xsd</Extensions>
    </Filter>
    <Filter Include="Header Files">
      <UniqueIdentifier>{93995380-89BD-4b04-88EB-625FBE52EBFB}</UniqueIdentifier>
      <Extensions>h;hpp;hxx;hm;inl;inc;xsd</Extensions>
    </Filter>
    <Filter Include="Resource Files">
      <UniqueIdentifier>{D9D6E242-F8AF-46E4-B9FD-80ECBC20BA3E}</UniqueIdentifier>
      <Extensions>qrc;*</Extensions>
      <ParseFiles>false</ParseFiles>
    </Filter>
    <Filter Include="Resource Files">
      <UniqueIdentifier>{D9D6E242-F8AF-46E4-B9FD-80ECBC20BA3E}</UniqueIdentifier>
      <Extensions>qrc;*</Extensions>
      <ParseFiles>false</ParseFiles>
    </Filter>
    <Filter Include="Source Files">
      <UniqueIdentifier>{4FC737F1-C7A5-4376-A066-2A32D752A2FF}</UniqueIdentifier>
      <Extensions>cpp;c;cxx;def;odl;idl;hpj;bat;asm;asmx</Extensions>
    </Filter>
    <Filter Include="Source Files">
      <UniqueIdentifier>{4FC737F1-C7A5-4376-A066-2A32D752A2FF}</UniqueIdentifier>
      <Extensions>cpp;c;cxx;def;odl;idl;hpj;bat;asm;asmx</Extensions>
    </Filter>
    <Filter Include="Distribution Files">
      <UniqueIdentifier>{B83CAF91-C7BF-462F-B76C-EA11631F866C}</UniqueIdentifier>
      <Extensions>*</Extensions>
      <ParseFiles>false</ParseFiles>
    </Filter>
    <Filter Include="Distribution Files">
      <UniqueIdentifier>{B83CAF91-C7BF-462F-B76C-EA11631F866C}</UniqueIdentifier>
      <Extensions>*</Extensions>
      <ParseFiles>false</ParseFiles>
    </Filter>
  </ItemGroup>
  <ItemGroup>
    <ClCompile Include="src\aithread.cpp">
      <Filter>Source Files</Filter>
    </ClCompile>
    <ClCompile Include="src\boarditem.cpp">
      <Filter>Source Files</Filter>
    </ClCompile>
    <ClCompile Include="src\gamecontroller.cpp">
      <Filter>Source Files</Filter>
    </ClCompile>
    <ClCompile Include="src\gamescene.cpp">
      <Filter>Source Files</Filter>
    </ClCompile>
    <ClCompile Include="src\gameview.cpp">
      <Filter>Source Files</Filter>
    </ClCompile>
    <ClCompile Include="src\main.cpp">
      <Filter>Source Files</Filter>
    </ClCompile>
    <ClCompile Include="src\ninechess.cpp">
      <Filter>Source Files</Filter>
    </ClCompile>
    <ClCompile Include="src\ninechess_ai_ab.cpp">
      <Filter>Source Files</Filter>
    </ClCompile>
    <ClCompile Include="src\ninechesswindow.cpp">
      <Filter>Source Files</Filter>
    </ClCompile>
    <ClCompile Include="src\pieceitem.cpp">
      <Filter>Source Files</Filter>
    </ClCompile>
  </ItemGroup>
  <ItemGroup>
    <QtMoc Include="src\aithread.h">
      <Filter>Header Files</Filter>
    </QtMoc>
    <ClInclude Include="src\boarditem.h">
      <Filter>Header Files</Filter>
    </ClInclude>
    <QtMoc Include="src\gamecontroller.h">
      <Filter>Header Files</Filter>
    </QtMoc>
    <QtMoc Include="src\gamescene.h">
      <Filter>Header Files</Filter>
    </QtMoc>
    <QtMoc Include="src\gameview.h">
      <Filter>Header Files</Filter>
    </QtMoc>
    <ClInclude Include="src\graphicsconst.h">
      <Filter>Header Files</Filter>
    </ClInclude>
    <QtMoc Include="src\manuallistview.h">
      <Filter>Header Files</Filter>
    </QtMoc>
    <ClInclude Include="src\ninechess.h">
      <Filter>Header Files</Filter>
    </ClInclude>
    <ClInclude Include="src\ninechess_ai_ab.h">
      <Filter>Header Files</Filter>
    </ClInclude>
    <ClInclude Include="src\ninechess_common.h">
      <Filter>Header Files</Filter>
    </ClInclude>
    <QtMoc Include="src\ninechesswindow.h">
      <Filter>Header Files</Filter>
    </QtMoc>
    <QtMoc Include="src\pieceitem.h">
      <Filter>Header Files</Filter>
    </QtMoc>
  </ItemGroup>
  <ItemGroup>
    <Image Include="NineChess.ico" />
  </ItemGroup>
  <ItemGroup>
    <QtUic Include="ninechesswindow.ui">
      <Filter>Form Files</Filter>
    </QtUic>
  </ItemGroup>
  <ItemGroup>
    <None Include="resources\icon\ActualSizeHS.png">
      <Filter>Resource Files</Filter>
    </None>
    <None Include="resources\icon\Black.png">
      <Filter>Resource Files</Filter>
    </None>
    <None Include="resources\icon\BreakpointHS.png">
      <Filter>Resource Files</Filter>
    </None>
    <None Include="resources\icon\DocumentHS.png">
      <Filter>Resource Files</Filter>
    </None>
    <None Include="resources\icon\EditInformationHS.png">
      <Filter>Resource Files</Filter>
    </None>
    <None Include="resources\icon\EditTableHS.png">
      <Filter>Resource Files</Filter>
    </None>
    <None Include="resources\icon\Error.png">
      <Filter>Resource Files</Filter>
    </None>
    <None Include="resources\icon\First.png">
      <Filter>Resource Files</Filter>
    </None>
    <None Include="resources\icon\FlipHorizontalHS.png">
      <Filter>Resource Files</Filter>
    </None>
    <None Include="resources\icon\FlipVerticalHS.png">
      <Filter>Resource Files</Filter>
    </None>
    <None Include="resources\icon\FullScreenHS.png">
      <Filter>Resource Files</Filter>
    </None>
    <None Include="resources\icon\Help.png">
      <Filter>Resource Files</Filter>
    </None>
    <None Include="resources\icon\HomeHS.png">
      <Filter>Resource Files</Filter>
    </None>
    <None Include="resources\icon\Invert.png">
      <Filter>Resource Files</Filter>
    </None>
    <None Include="resources\icon\Last.png">
      <Filter>Resource Files</Filter>
    </None>
    <None Include="resources\icon\LeftHS.png">
      <Filter>Resource Files</Filter>
    </None>
    <None Include="resources\icon\LegendHS.png">
      <Filter>Resource Files</Filter>
    </None>
    <None Include="resources\icon\NewDocumentHS.png">
      <Filter>Resource Files</Filter>
    </None>
    <None Include="resources\icon\Next.png">
      <Filter>Resource Files</Filter>
    </None>
    <None Include="resources\icon\OpenHS.png">
      <Filter>Resource Files</Filter>
    </None>
    <None Include="resources\icon\OptionsHS.png">
      <Filter>Resource Files</Filter>
    </None>
    <None Include="resources\icon\Pause.png">
      <Filter>Resource Files</Filter>
    </None>
    <None Include="resources\icon\Play.png">
      <Filter>Resource Files</Filter>
    </None>
    <None Include="resources\icon\Previous.png">
      <Filter>Resource Files</Filter>
    </None>
    <None Include="resources\icon\PrimaryKeyHS.png">
      <Filter>Resource Files</Filter>
    </None>
    <None Include="resources\icon\Refresh.png">
      <Filter>Resource Files</Filter>
    </None>
    <None Include="resources\icon\Request.png">
      <Filter>Resource Files</Filter>
    </None>
    <None Include="resources\icon\RestartHS.png">
      <Filter>Resource Files</Filter>
    </None>
    <None Include="resources\icon\RightHS.png">
      <Filter>Resource Files</Filter>
    </None>
    <None Include="resources\icon\SaveHS.png">
      <Filter>Resource Files</Filter>
    </None>
    <None Include="resources\icon\Web.png">
      <Filter>Resource Files</Filter>
    </None>
    <None Include="resources\icon\White.png">
      <Filter>Resource Files</Filter>
    </None>
    <None Include="resources\image\background.png">
      <Filter>Resource Files</Filter>
    </None>
    <None Include="resources\image\black_piece.png">
      <Filter>Resource Files</Filter>
    </None>
    <None Include="resources\image\board.png">
      <Filter>Resource Files</Filter>
    </None>
    <None Include="resources\sound\capture.wav">
      <Filter>Resource Files</Filter>
    </None>
    <None Include="resources\sound\choose.wav">
      <Filter>Resource Files</Filter>
    </None>
    <None Include="resources\sound\drog.wav">
      <Filter>Resource Files</Filter>
    </None>
    <None Include="resources\sound\forbidden.wav">
      <Filter>Resource Files</Filter>
    </None>
    <None Include="resources\sound\loss.wav">
      <Filter>Resource Files</Filter>
    </None>
    <None Include="resources\sound\move.wav">
      <Filter>Resource Files</Filter>
    </None>
    <None Include="resources\sound\newgame.wav">
      <Filter>Resource Files</Filter>
    </None>
    <QtRcc Include="ninechesswindow.qrc">
      <Filter>Resource Files</Filter>
    </QtRcc>
    <None Include="resources\sound\remove.wav">
      <Filter>Resource Files</Filter>
    </None>
    <None Include="resources\sound\warning.wav">
      <Filter>Resource Files</Filter>
    </None>
    <None Include="resources\image\white_piece.png">
      <Filter>Resource Files</Filter>
    </None>
    <None Include="resources\sound\win.wav">
      <Filter>Resource Files</Filter>
    </None>
  </ItemGroup>
  <ItemGroup>
    <ResourceCompile Include="NineChess.rc" />
  </ItemGroup>
</Project>